
Microsoft Visual Studio Solution File, Format Version 12.00
# Visual Studio Version 17
VisualStudioVersion = 17.0.32126.317
MinimumVisualStudioVersion = 10.0.40219.1
Project("{9A19103F-16F7-4668-BE54-9A1E7A4F7556}") = "TrackMap.WebApp", "TrackMap.WebApp\TrackMap.WebApp.csproj", "{BB861977-076C-489B-8E1C-B22791099AB0}"
EndProject
Project("{9A19103F-16F7-4668-BE54-9A1E7A4F7556}") = "Domain", "Domain\Domain.csproj", "{D773B5E2-0897-4838-80E0-1AAD81DCA92E}"
EndProject
Project("{9A19103F-16F7-4668-BE54-9A1E7A4F7556}") = "TrackService", "TrackService\TrackService.csproj", "{6D12C281-DA01-4C9B-B46B-05F109EFA15A}"
EndProject
Project("{2150E333-8FDC-42A3-9474-1A3956D46DE8}") = "Libraries", "Libraries", "{7E545235-72AC-4495-8115-0C4CE5954C8D}"
EndProject
Project("{9A19103F-16F7-4668-BE54-9A1E7A4F7556}") = "DataConverters", "DataConverters\DataConverters.csproj", "{A19B6ED3-08EC-4F33-B385-7D09D86EF593}"
EndProject
Project("{9A19103F-16F7-4668-BE54-9A1E7A4F7556}") = "Entities", "Entities\Entities.csproj", "{604EC6B3-4CCD-444B-AD05-2973DF15B455}"
EndProject
Global
	GlobalSection(SolutionConfigurationPlatforms) = preSolution
		Debug|Any CPU = Debug|Any CPU
		Release|Any CPU = Release|Any CPU
	EndGlobalSection
	GlobalSection(ProjectConfigurationPlatforms) = postSolution
		{BB861977-076C-489B-8E1C-B22791099AB0}.Debug|Any CPU.ActiveCfg = Debug|Any CPU
		{BB861977-076C-489B-8E1C-B22791099AB0}.Debug|Any CPU.Build.0 = Debug|Any CPU
		{BB861977-076C-489B-8E1C-B22791099AB0}.Release|Any CPU.ActiveCfg = Release|Any CPU
		{BB861977-076C-489B-8E1C-B22791099AB0}.Release|Any CPU.Build.0 = Release|Any CPU
		{D773B5E2-0897-4838-80E0-1AAD81DCA92E}.Debug|Any CPU.ActiveCfg = Debug|Any CPU
		{D773B5E2-0897-4838-80E0-1AAD81DCA92E}.Debug|Any CPU.Build.0 = Debug|Any CPU
		{D773B5E2-0897-4838-80E0-1AAD81DCA92E}.Release|Any CPU.ActiveCfg = Release|Any CPU
		{D773B5E2-0897-4838-80E0-1AAD81DCA92E}.Release|Any CPU.Build.0 = Release|Any CPU
		{6D12C281-DA01-4C9B-B46B-05F109EFA15A}.Debug|Any CPU.ActiveCfg = Debug|Any CPU
		{6D12C281-DA01-4C9B-B46B-05F109EFA15A}.Debug|Any CPU.Build.0 = Debug|Any CPU
		{6D12C281-DA01-4C9B-B46B-05F109EFA15A}.Release|Any CPU.ActiveCfg = Release|Any CPU
		{6D12C281-DA01-4C9B-B46B-05F109EFA15A}.Release|Any CPU.Build.0 = Release|Any CPU
		{A19B6ED3-08EC-4F33-B385-7D09D86EF593}.Debug|Any CPU.ActiveCfg = Debug|Any CPU
		{A19B6ED3-08EC-4F33-B385-7D09D86EF593}.Debug|Any CPU.Build.0 = Debug|Any CPU
		{A19B6ED3-08EC-4F33-B385-7D09D86EF593}.Release|Any CPU.ActiveCfg = Release|Any CPU
		{A19B6ED3-08EC-4F33-B385-7D09D86EF593}.Release|Any CPU.Build.0 = Release|Any CPU
		{604EC6B3-4CCD-444B-AD05-2973DF15B455}.Debug|Any CPU.ActiveCfg = Debug|Any CPU
		{604EC6B3-4CCD-444B-AD05-2973DF15B455}.Debug|Any CPU.Build.0 = Debug|Any CPU
		{604EC6B3-4CCD-444B-AD05-2973DF15B455}.Release|Any CPU.ActiveCfg = Release|Any CPU
		{604EC6B3-4CCD-444B-AD05-2973DF15B455}.Release|Any CPU.Build.0 = Release|Any CPU
	EndGlobalSection
	GlobalSection(SolutionProperties) = preSolution
		HideSolutionNode = FALSE
	EndGlobalSection
	GlobalSection(NestedProjects) = preSolution
		{D773B5E2-0897-4838-80E0-1AAD81DCA92E} = {7E545235-72AC-4495-8115-0C4CE5954C8D}
		{6D12C281-DA01-4C9B-B46B-05F109EFA15A} = {7E545235-72AC-4495-8115-0C4CE5954C8D}
		{A19B6ED3-08EC-4F33-B385-7D09D86EF593} = {7E545235-72AC-4495-8115-0C4CE5954C8D}
		{604EC6B3-4CCD-444B-AD05-2973DF15B455} = {7E545235-72AC-4495-8115-0C4CE5954C8D}
	EndGlobalSection
	GlobalSection(ExtensibilityGlobals) = postSolution
		SolutionGuid = {EB6CFCED-7244-4931-B165-FC928AAFA16E}
	EndGlobalSection
EndGlobal
